{
  "name": "decentralized-forge",
  "version": "1.0.0",
  "lockfileVersion": 3,
  "requires": true,
  "packages": {
    "": {
      "name": "decentralized-forge",
      "version": "1.0.0",
      "license": "ISC",
      "devDependencies": {
        "@ipld/car": "^5.4.6",
        "multiformats": "^14.0.0"
      }
    },
    "node_modules/@ipld/car": {
      "version": "5.4.6",
      "resolved": "https://registry.npmjs.org/@ipld/car/-/car-5.4.6.tgz",
      "integrity": "sha512-f1Iyb9ci8B/TGCyjAuSQ6BOLiy2u8en7rB+SumbyweqXDu3gxYJwYbGzoposKjOzc4CeGlkEbwEw8REoekYAKQ==",
      "dev": true,
      "license": "Apache-2.0 OR MIT",
      "dependencies": {
        "@ipld/dag-cbor": "^10.0.1",
        "cborg": "^5.0.0",
        "multiformats": "^14.0.0",
        "varint": "^6.0.0"
      },
      "engines": {
        "node": ">=16.0.0",
        "npm": ">=7.0.0"
      }
    },
    "node_modules/@ipld/dag-cbor": {
      "version": "10.0.1",
      "resolved": "https://registry.npmjs.org/@ipld/dag-cbor/-/dag-cbor-10.0.1.tgz",
      "integrity": "sha512-nF07iiZPqduSXyMxc0jGANArRHFa9hjMQpQlgLOV2O/3xI1CNb5sXhvbmigbMiz5owSGi0Oq10VtauupMojuiw==",
      "dev": true,
      "license": "Apache-2.0 OR MIT",
      "dependencies": {
        "cborg": "^5.0.1",
        "multiformats": "^14.0.0"
      }
    },
    "node_modules/cborg": {
      "version": "5.1.3",
      "resolved": "https://registry.npmjs.org/cborg/-/cborg-5.1.3.tgz",
      "integrity": "sha512-DddFYcafyPlnoF33ezbrh3jXT8QnuTQiy/LEL4xoMVH60WIBQbLwb2npNquSM0WouEMvl5xTJ1Y8iECaMdh3gg==",
      "dev": true,
      "license": "Apache-2.0",
      "bin": {
        "cborg": "lib/bin.js"
      }
    },
    "node_modules/multiformats": {
      "version": "14.0.0",
      "resolved": "https://registry.npmjs.org/multiformats/-/multiformats-14.0.0.tgz",
      "integrity": "sha512-iWK1RrAS58p2NDfeZFuSUSv3ZPewTIhsGbh/5NgeGGJwJmRljLxGtjRR3nkn+loG3zl+IrfR/W1590QnrSK+Gg==",
      "dev": true,
      "license": "Apache-2.0 OR MIT"
    },
    "node_modules/varint": {
      "version": "6.0.0",
      "resolved": "https://registry.npmjs.org/varint/-/varint-6.0.0.tgz",
      "integrity": "sha512-cXEIW6cfr15lFv563k4GuVuW/fiwjknytD37jIOLSdSWuOI6WnO/oKwmP2FQTU2l01LP8/M5TSAJpzUaGe3uWg==",
      "dev": true,
      "license": "MIT"
    }
  }
}
